<?xml version="1.0" encoding="utf-8"?>
<Project ToolsVersion="4.0" xmlns="http://schemas.microsoft.com/developer/msbuild/2003">
  <ItemGroup>
    <Filter Include="Source Files">
      <UniqueIdentifier>{4FC737F1-C7A5-4376-A066-2A32D752A2FF}</UniqueIdentifier>
      <Extensions>cpp;c;cc;cxx;def;odl;idl;hpj;bat;asm;asmx</Extensions>
    </Filter>
    <Filter Include="Header Files">
      <UniqueIdentifier>{93995380-89BD-4b04-88EB-625FBE52EBFB}</UniqueIdentifier>
      <Extensions>h;hpp;hxx;hm;inl;inc;xsd</Extensions>
    </Filter>
    <Filter Include="Resource Files">
      <UniqueIdentifier>{67DA6AB6-F800-4c08-8B7A-83BB121AAD01}</UniqueIdentifier>
      <Extensions>rc;ico;cur;bmp;dlg;rc2;rct;bin;rgs;gif;jpg;jpeg;jpe;resx;tiff;tif;png;wav;mfcribbon-ms</Extensions>
    </Filter>
    <Filter Include="Header Files\Engine">
      <UniqueIdentifier>{45500d41-0ffd-4cd4-b540-c7f304c7f5cb}</UniqueIdentifier>
    </Filter>
    <Filter Include="Header Files\Engine\Helpers">
      <UniqueIdentifier>{453707a0-3f8f-4d1b-85cf-13b202164fca}</UniqueIdentifier>
    </Filter>
    <Filter Include="Source Files\Engine">
      <UniqueIdentifier>{ba086f92-8145-4bc3-9dec-4fed51264641}</UniqueIdentifier>
    </Filter>
    <Filter Include="Header Files\Engine\Graphics">
      <UniqueIdentifier>{de760035-cf51-4fb6-8b93-c67e7e1374e1}</UniqueIdentifier>
    </Filter>
    <Filter Include="Source Files\Engine\Graphics">
      <UniqueIdentifier>{659d42db-3816-49c5-b725-3fb1db9d7fb7}</UniqueIdentifier>
    </Filter>
    <Filter Include="Source Files\Engine\Helpers">
      <UniqueIdentifier>{ff6b2da9-3f71-4588-babd-0d9d53c3f043}</UniqueIdentifier>
    </Filter>
    <Filter Include="Header Files\Engine\Screens">
      <UniqueIdentifier>{ec9e6bdd-bf9b-43da-ac60-fbadc6f98eec}</UniqueIdentifier>
    </Filter>
    <Filter Include="Source Files\Engine\Screens">
      <UniqueIdentifier>{59d253a0-a543-46b3-ac51-b99772525e10}</UniqueIdentifier>
    </Filter>
  </ItemGroup>
  <ItemGroup>
    <ClInclude Include="Vector2f.h">
      <Filter>Header Files\Engine\Helpers</Filter>
    </ClInclude>
    <ClInclude Include="Main.h">
      <Filter>Header Files\Engine</Filter>
    </ClInclude>
    <ClInclude Include="IniFile.h">
      <Filter>Header Files\Engine\Helpers</Filter>
    </ClInclude>
    <ClInclude Include="Game.h">
      <Filter>Header Files\Engine</Filter>
    </ClInclude>
    <ClInclude Include="Camera.h">
      <Filter>Header Files\Engine\Graphics</Filter>
    </ClInclude>
    <ClInclude Include="Helpers.h">
      <Filter>Header Files\Engine\Helpers</Filter>
    </ClInclude>
    <ClInclude Include="MainGame.h">
      <Filter>Header Files\Engine</Filter>
    </ClInclude>
    <ClInclude Include="Timer.h">
      <Filter>Header Files\Engine\Helpers</Filter>
    </ClInclude>
    <ClInclude Include="InputManager.h">
      <Filter>Header Files\Engine\Helpers</Filter>
    </ClInclude>
    <ClInclude Include="Keys.h">
      <Filter>Header Files\Engine\Helpers</Filter>
    </ClInclude>
    <ClInclude Include="Screen.h">
      <Filter>Header Files\Engine\Screens</Filter>
    </ClInclude>
    <ClInclude Include="ScreenManager.h">
      <Filter>Header Files\Engine\Screens</Filter>
    </ClInclude>
    <ClInclude Include="Texture.h">
      <Filter>Header Files\Engine\Graphics</Filter>
    </ClInclude>
    <ClInclude Include="TestScreen.h">
      <Filter>Header Files\Engine\Screens</Filter>
    </ClInclude>
  </ItemGroup>
  <ItemGroup>
    <ClCompile Include="Vector2f.cpp">
      <Filter>Source Files\Engine\Helpers</Filter>
    </ClCompile>
    <ClCompile Include="Helpers.cpp">
      <Filter>Source Files\Engine\Helpers</Filter>
    </ClCompile>
    <ClCompile Include="Camera.cpp">
      <Filter>Source Files\Engine\Graphics</Filter>
    </ClCompile>
    <ClCompile Include="Game.cpp">
      <Filter>Source Files\Engine</Filter>
    </ClCompile>
    <ClCompile Include="Timer.cpp">
      <Filter>Source Files\Engine\Helpers</Filter>
    </ClCompile>
    <ClCompile Include="MainGame.cpp">
      <Filter>Source Files\Engine</Filter>
    </ClCompile>
    <ClCompile Include="InputManager.cpp">
      <Filter>Source Files\Engine\Helpers</Filter>
    </ClCompile>
    <ClCompile Include="MainApplication.cpp">
      <Filter>Source Files</Filter>
    </ClCompile>
    <ClCompile Include="Screen.cpp">
      <Filter>Source Files\Engine\Screens</Filter>
    </ClCompile>
    <ClCompile Include="ScreenManager.cpp">
      <Filter>Source Files\Engine\Screens</Filter>
    </ClCompile>
    <ClCompile Include="Texture.cpp">
      <Filter>Source Files\Engine\Graphics</Filter>
    </ClCompile>
    <ClCompile Include="TestScreen.cpp">
      <Filter>Source Files\Engine\Screens</Filter>
    </ClCompile>
  </ItemGroup>
</Project>