<?xml version="1.0" encoding="utf-8"?>
<Project ToolsVersion="4.0" xmlns="http://schemas.microsoft.com/developer/msbuild/2003">
  <ItemGroup>
    <Filter Include="Source Files">
      <UniqueIdentifier>{4FC737F1-C7A5-4376-A066-2A32D752A2FF}</UniqueIdentifier>
      <Extensions>cpp;c;cc;cxx;def;odl;idl;hpj;bat;asm;asmx</Extensions>
    </Filter>
    <Filter Include="Header Files">
      <UniqueIdentifier>{93995380-89BD-4b04-88EB-625FBE52EBFB}</UniqueIdentifier>
      <Extensions>h;hpp;hxx;hm;inl;inc;xsd</Extensions>
    </Filter>
    <Filter Include="Resource Files">
      <UniqueIdentifier>{67DA6AB6-F800-4c08-8B7A-83BB121AAD01}</UniqueIdentifier>
      <Extensions>rc;ico;cur;bmp;dlg;rc2;rct;bin;rgs;gif;jpg;jpeg;jpe;resx;tiff;tif;png;wav;mfcribbon-ms</Extensions>
    </Filter>
    <Filter Include="Header Files\Engine">
      <UniqueIdentifier>{45500d41-0ffd-4cd4-b540-c7f304c7f5cb}</UniqueIdentifier>
    </Filter>
    <Filter Include="Header Files\Engine\Helpers">
      <UniqueIdentifier>{453707a0-3f8f-4d1b-85cf-13b202164fca}</UniqueIdentifier>
    </Filter>
    <Filter Include="Source Files\Engine">
      <UniqueIdentifier>{ba086f92-8145-4bc3-9dec-4fed51264641}</UniqueIdentifier>
    </Filter>
    <Filter Include="Header Files\Engine\Graphics">
      <UniqueIdentifier>{de760035-cf51-4fb6-8b93-c67e7e1374e1}</UniqueIdentifier>
    </Filter>
    <Filter Include="Source Files\Engine\Graphics">
      <UniqueIdentifier>{659d42db-3816-49c5-b725-3fb1db9d7fb7}</UniqueIdentifier>
    </Filter>
    <Filter Include="Source Files\Engine\Helpers">
      <UniqueIdentifier>{ff6b2da9-3f71-4588-babd-0d9d53c3f043}</UniqueIdentifier>
    </Filter>
    <Filter Include="Header Files\Engine\Screens">
      <UniqueIdentifier>{ec9e6bdd-bf9b-43da-ac60-fbadc6f98eec}</UniqueIdentifier>
    </Filter>
    <Filter Include="Source Files\Engine\Screens">
      <UniqueIdentifier>{59d253a0-a543-46b3-ac51-b99772525e10}</UniqueIdentifier>
    </Filter>
    <Filter Include="Header Files\Engine\GUI">
      <UniqueIdentifier>{ddf4c3c5-ccd9-4cac-91a6-7f0d1d138b26}</UniqueIdentifier>
    </Filter>
    <Filter Include="Source Files\Engine\GUI">
      <UniqueIdentifier>{8d0350be-eb05-48ac-81d6-f61574062f15}</UniqueIdentifier>
    </Filter>
  </ItemGroup>
  <ItemGroup>
    <ClInclude Include="Headers\Engine\Main.h">
      <Filter>Header Files\Engine</Filter>
    </ClInclude>
    <ClInclude Include="Headers\Engine\MainGame.h">
      <Filter>Header Files\Engine</Filter>
    </ClInclude>
    <ClInclude Include="Headers\Engine\Game.h">
      <Filter>Header Files\Engine</Filter>
    </ClInclude>
    <ClInclude Include="Headers\Engine\Graphics\Camera.h">
      <Filter>Header Files\Engine\Graphics</Filter>
    </ClInclude>
    <ClInclude Include="Headers\Engine\Graphics\Texture.h">
      <Filter>Header Files\Engine\Graphics</Filter>
    </ClInclude>
    <ClInclude Include="Headers\Engine\GUI\GUI_Button.h">
      <Filter>Header Files\Engine\GUI</Filter>
    </ClInclude>
    <ClInclude Include="Headers\Engine\Helpers\IniFile.h">
      <Filter>Header Files\Engine\Helpers</Filter>
    </ClInclude>
    <ClInclude Include="Headers\Engine\Helpers\InputManager.h">
      <Filter>Header Files\Engine\Helpers</Filter>
    </ClInclude>
    <ClInclude Include="Headers\Engine\Helpers\Keys.h">
      <Filter>Header Files\Engine\Helpers</Filter>
    </ClInclude>
    <ClInclude Include="Headers\Engine\Helpers\Helpers.h">
      <Filter>Header Files\Engine\Helpers</Filter>
    </ClInclude>
    <ClInclude Include="Headers\Engine\Helpers\Timer.h">
      <Filter>Header Files\Engine\Helpers</Filter>
    </ClInclude>
    <ClInclude Include="Headers\Engine\Helpers\Vector2f.h">
      <Filter>Header Files\Engine\Helpers</Filter>
    </ClInclude>
    <ClInclude Include="Headers\Engine\Screens\TestScreen.h">
      <Filter>Header Files\Engine\Screens</Filter>
    </ClInclude>
    <ClInclude Include="Headers\Engine\Screens\ScreenManager.h">
      <Filter>Header Files\Engine\Screens</Filter>
    </ClInclude>
    <ClInclude Include="Headers\Engine\Screens\Screen.h">
      <Filter>Header Files\Engine\Screens</Filter>
    </ClInclude>
    <ClInclude Include="Headers\Engine\Helpers\MouseButtons.h">
      <Filter>Header Files\Engine\Helpers</Filter>
    </ClInclude>
    <ClInclude Include="Headers\Engine\Interfaces\ICallback.h">
      <Filter>Header Files</Filter>
    </ClInclude>
    <ClInclude Include="Headers\Engine\Helpers\GameKeys.h">
      <Filter>Header Files</Filter>
    </ClInclude>
    <ClInclude Include="Headers\Engine\GUI\GUI_Skin.h">
      <Filter>Header Files</Filter>
    </ClInclude>
  </ItemGroup>
  <ItemGroup>
    <ClCompile Include="Source\MainApplication.cpp">
      <Filter>Source Files</Filter>
    </ClCompile>
    <ClCompile Include="Source\Engine\Game.cpp">
      <Filter>Source Files\Engine</Filter>
    </ClCompile>
    <ClCompile Include="Source\Engine\MainGame.cpp">
      <Filter>Source Files\Engine</Filter>
    </ClCompile>
    <ClCompile Include="Source\Engine\Graphics\Camera.cpp">
      <Filter>Source Files\Engine\Graphics</Filter>
    </ClCompile>
    <ClCompile Include="Source\Engine\Graphics\Texture.cpp">
      <Filter>Source Files\Engine\Graphics</Filter>
    </ClCompile>
    <ClCompile Include="Source\Engine\GUI\GUI_Button.cpp">
      <Filter>Source Files\Engine\GUI</Filter>
    </ClCompile>
    <ClCompile Include="Source\Engine\Helpers\Helpers.cpp">
      <Filter>Source Files\Engine\Helpers</Filter>
    </ClCompile>
    <ClCompile Include="Source\Engine\Helpers\InputManager.cpp">
      <Filter>Source Files\Engine\Helpers</Filter>
    </ClCompile>
    <ClCompile Include="Source\Engine\Helpers\Timer.cpp">
      <Filter>Source Files\Engine\Helpers</Filter>
    </ClCompile>
    <ClCompile Include="Source\Engine\Helpers\Vector2f.cpp">
      <Filter>Source Files\Engine\Helpers</Filter>
    </ClCompile>
    <ClCompile Include="Source\Engine\Screens\ScreenManager.cpp">
      <Filter>Source Files\Engine\Screens</Filter>
    </ClCompile>
    <ClCompile Include="Source\Engine\Screens\Screen.cpp">
      <Filter>Source Files\Engine\Screens</Filter>
    </ClCompile>
    <ClCompile Include="Source\Engine\Screens\TestScreen.cpp">
      <Filter>Source Files\Engine\Screens</Filter>
    </ClCompile>
    <ClCompile Include="Source\Engine\Helpers\GameKeys.cpp">
      <Filter>Source Files</Filter>
    </ClCompile>
    <ClCompile Include="Source\Engine\GUI\GUI_Skin.cpp">
      <Filter>Source Files</Filter>
    </ClCompile>
  </ItemGroup>
</Project>